// !$*UTF8*$!
{
	archiveVersion = 1;
	classes = {
	};
	objectVersion = 56;
	objects = {

/* Begin PBXBuildFile section */
		F4D933072C2B82BF00A96FDB /* GasApp2App.swift in Sources */ = {isa = PBXBuildFile; fileRef = F4D933062C2B82BF00A96FDB /* GasApp2App.swift */; };
		F4D933092C2B82BF00A96FDB /* ContentView.swift in Sources */ = {isa = PBXBuildFile; fileRef = F4D933082C2B82BF00A96FDB /* ContentView.swift */; };
		F4D9330B2C2B82C100A96FDB /* Assets.xcassets in Resources */ = {isa = PBXBuildFile; fileRef = F4D9330A2C2B82C100A96FDB /* Assets.xcassets */; };
		F4D9330F2C2B82C100A96FDB /* Preview Assets.xcassets in Resources */ = {isa = PBXBuildFile; fileRef = F4D9330E2C2B82C100A96FDB /* Preview Assets.xcassets */; };
		F4D933192C2B82C100A96FDB /* GasApp2Tests.swift in Sources */ = {isa = PBXBuildFile; fileRef = F4D933182C2B82C100A96FDB /* GasApp2Tests.swift */; };
		F4D933232C2B82C100A96FDB /* GasApp2UITests.swift in Sources */ = {isa = PBXBuildFile; fileRef = F4D933222C2B82C100A96FDB /* GasApp2UITests.swift */; };
		F4D933252C2B82C100A96FDB /* GasApp2UITestsLaunchTests.swift in Sources */ = {isa = PBXBuildFile; fileRef = F4D933242C2B82C100A96FDB /* GasApp2UITestsLaunchTests.swift */; };
		F4D933322C2B82F500A96FDB /* DriversView.swift in Sources */ = {isa = PBXBuildFile; fileRef = F4D933312C2B82F400A96FDB /* DriversView.swift */; };
/* End PBXBuildFile section */

/* Begin PBXContainerItemProxy section */
		F4D933152C2B82C100A96FDB /* PBXContainerItemProxy */ = {
			isa = PBXContainerItemProxy;
			containerPortal = F4D932FB2C2B82BF00A96FDB /* Project object */;
			proxyType = 1;
			remoteGlobalIDString = F4D933022C2B82BF00A96FDB;
			remoteInfo = GasApp2;
		};
		F4D9331F2C2B82C100A96FDB /* PBXContainerItemProxy */ = {
			isa = PBXContainerItemProxy;
			containerPortal = F4D932FB2C2B82BF00A96FDB /* Project object */;
			proxyType = 1;
			remoteGlobalIDString = F4D933022C2B82BF00A96FDB;
			remoteInfo = GasApp2;
		};
/* End PBXContainerItemProxy section */

/* Begin PBXFileReference section */
		F4D933032C2B82BF00A96FDB /* GasApp2.app */ = {isa = PBXFileReference; explicitFileType = wrapper.application; includeInIndex = 0; path = GasApp2.app; sourceTree = BUILT_PRODUCTS_DIR; };
		F4D933062C2B82BF00A96FDB /* GasApp2App.swift */ = {isa = PBXFileReference; lastKnownFileType = sourcecode.swift; path = GasApp2App.swift; sourceTree = "<group>"; };
		F4D933082C2B82BF00A96FDB /* ContentView.swift */ = {isa = PBXFileReference; lastKnownFileType = sourcecode.swift; path = ContentView.swift; sourceTree = "<group>"; };
		F4D9330A2C2B82C100A96FDB /* Assets.xcassets */ = {isa = PBXFileReference; lastKnownFileType = folder.assetcatalog; path = Assets.xcassets; sourceTree = "<group>"; };
		F4D9330C2C2B82C100A96FDB /* GasApp2.entitlements */ = {isa = PBXFileReference; lastKnownFileType = text.plist.entitlements; path = GasApp2.entitlements; sourceTree = "<group>"; };
		F4D9330E2C2B82C100A96FDB /* Preview Assets.xcassets */ = {isa = PBXFileReference; lastKnownFileType = folder.assetcatalog; path = "Preview Assets.xcassets"; sourceTree = "<group>"; };
		F4D933142C2B82C100A96FDB /* GasApp2Tests.xctest */ = {isa = PBXFileReference; explicitFileType = wrapper.cfbundle; includeInIndex = 0; path = GasApp2Tests.xctest; sourceTree = BUILT_PRODUCTS_DIR; };
		F4D933182C2B82C100A96FDB /* GasApp2Tests.swift */ = {isa = PBXFileReference; lastKnownFileType = sourcecode.swift; path = GasApp2Tests.swift; sourceTree = "<group>"; };
		F4D9331E2C2B82C100A96FDB /* GasApp2UITests.xctest */ = {isa = PBXFileReference; explicitFileType = wrapper.cfbundle; includeInIndex = 0; path = GasApp2UITests.xctest; sourceTree = BUILT_PRODUCTS_DIR; };
		F4D933222C2B82C100A96FDB /* GasApp2UITests.swift */ = {isa = PBXFileReference; lastKnownFileType = sourcecode.swift; path = GasApp2UITests.swift; sourceTree = "<group>"; };
		F4D933242C2B82C100A96FDB /* GasApp2UITestsLaunchTests.swift */ = {isa = PBXFileReference; lastKnownFileType = sourcecode.swift; path = GasApp2UITestsLaunchTests.swift; sourceTree = "<group>"; };
		F4D933312C2B82F400A96FDB /* DriversView.swift */ = {isa = PBXFileReference; lastKnownFileType = sourcecode.swift; path = DriversView.swift; sourceTree = "<group>"; };
/* End PBXFileReference section */

/* Begin PBXFrameworksBuildPhase section */
		F4D933002C2B82BF00A96FDB /* Frameworks */ = {
			isa = PBXFrameworksBuildPhase;
			buildActionMask = 2147483647;
			files = (
			);
			runOnlyForDeploymentPostprocessing = 0;
		};
		F4D933112C2B82C100A96FDB /* Frameworks */ = {
			isa = PBXFrameworksBuildPhase;
			buildActionMask = 2147483647;
			files = (
			);
			runOnlyForDeploymentPostprocessing = 0;
		};
		F4D9331B2C2B82C100A96FDB /* Frameworks */ = {
			isa = PBXFrameworksBuildPhase;
			buildActionMask = 2147483647;
			files = (
			);
			runOnlyForDeploymentPostprocessing = 0;
		};
/* End PBXFrameworksBuildPhase section */

/* Begin PBXGroup section */
		F4D932FA2C2B82BF00A96FDB = {
			isa = PBXGroup;
			children = (
				F4D933052C2B82BF00A96FDB /* GasApp2 */,
				F4D933172C2B82C100A96FDB /* GasApp2Tests */,
				F4D933212C2B82C100A96FDB /* GasApp2UITests */,
				F4D933042C2B82BF00A96FDB /* Products */,
			);
			sourceTree = "<group>";
		};
		F4D933042C2B82BF00A96FDB /* Products */ = {
			isa = PBXGroup;
			children = (
				F4D933032C2B82BF00A96FDB /* GasApp2.app */,
				F4D933142C2B82C100A96FDB /* GasApp2Tests.xctest */,
				F4D9331E2C2B82C100A96FDB /* GasApp2UITests.xctest */,
			);
			name = Products;
			sourceTree = "<group>";
		};
		F4D933052C2B82BF00A96FDB /* GasApp2 */ = {
			isa = PBXGroup;
			children = (
				F4D933062C2B82BF00A96FDB /* GasApp2App.swift */,
				F4D933082C2B82BF00A96FDB /* ContentView.swift */,
				F4D933312C2B82F400A96FDB /* DriversView.swift */,
				F4D9330A2C2B82C100A96FDB /* Assets.xcassets */,
				F4D9330C2C2B82C100A96FDB /* GasApp2.entitlements */,
				F4D9330D2C2B82C100A96FDB /* Preview Content */,
			);
			path = GasApp2;
			sourceTree = "<group>";
		};
		F4D9330D2C2B82C100A96FDB /* Preview Content */ = {
			isa = PBXGroup;
			children = (
				F4D9330E2C2B82C100A96FDB /* Preview Assets.xcassets */,
			);
			path = "Preview Content";
			sourceTree = "<group>";
		};
		F4D933172C2B82C100A96FDB /* GasApp2Tests */ = {
			isa = PBXGroup;
			children = (
				F4D933182C2B82C100A96FDB /* GasApp2Tests.swift */,
			);
			path = GasApp2Tests;
			sourceTree = "<group>";
		};
		F4D933212C2B82C100A96FDB /* GasApp2UITests */ = {
			isa = PBXGroup;
			children = (
				F4D933222C2B82C100A96FDB /* GasApp2UITests.swift */,
				F4D933242C2B82C100A96FDB /* GasApp2UITestsLaunchTests.swift */,
			);
			path = GasApp2UITests;
			sourceTree = "<group>";
		};
/* End PBXGroup section */

/* Begin PBXNativeTarget section */
		F4D933022C2B82BF00A96FDB /* GasApp2 */ = {
			isa = PBXNativeTarget;
			buildConfigurationList = F4D933282C2B82C100A96FDB /* Build configuration list for PBXNativeTarget "GasApp2" */;
			buildPhases = (
				F4D932FF2C2B82BF00A96FDB /* Sources */,
				F4D933002C2B82BF00A96FDB /* Frameworks */,
				F4D933012C2B82BF00A96FDB /* Resources */,
			);
			buildRules = (
			);
			dependencies = (
			);
			name = GasApp2;
			productName = GasApp2;
			productReference = F4D933032C2B82BF00A96FDB /* GasApp2.app */;
			productType = "com.apple.product-type.application";
		};
		F4D933132C2B82C100A96FDB /* GasApp2Tests */ = {
			isa = PBXNativeTarget;
			buildConfigurationList = F4D9332B2C2B82C100A96FDB /* Build configuration list for PBXNativeTarget "GasApp2Tests" */;
			buildPhases = (
				F4D933102C2B82C100A96FDB /* Sources */,
				F4D933112C2B82C100A96FDB /* Frameworks */,
				F4D933122C2B82C100A96FDB /* Resources */,
			);
			buildRules = (
			);
			dependencies = (
				F4D933162C2B82C100A96FDB /* PBXTargetDependency */,
			);
			name = GasApp2Tests;
			productName = GasApp2Tests;
			productReference = F4D933142C2B82C100A96FDB /* GasApp2Tests.xctest */;
			productType = "com.apple.product-type.bundle.unit-test";
		};
		F4D9331D2C2B82C100A96FDB /* GasApp2UITests */ = {
			isa = PBXNativeTarget;
			buildConfigurationList = F4D9332E2C2B82C100A96FDB /* Build configuration list for PBXNativeTarget "GasApp2UITests" */;
			buildPhases = (
				F4D9331A2C2B82C100A96FDB /* Sources */,
				F4D9331B2C2B82C100A96FDB /* Frameworks */,
				F4D9331C2C2B82C100A96FDB /* Resources */,
			);
			buildRules = (
			);
			dependencies = (
				F4D933202C2B82C100A96FDB /* PBXTargetDependency */,
			);
			name = GasApp2UITests;
			productName = GasApp2UITests;
			productReference = F4D9331E2C2B82C100A96FDB /* GasApp2UITests.xctest */;
			productType = "com.apple.product-type.bundle.ui-testing";
		};
/* End PBXNativeTarget section */

/* Begin PBXProject section */
		F4D932FB2C2B82BF00A96FDB /* Project object */ = {
			isa = PBXProject;
			attributes = {
				BuildIndependentTargetsInParallel = 1;
				LastSwiftUpdateCheck = 1540;
				LastUpgradeCheck = 1540;
				TargetAttributes = {
					F4D933022C2B82BF00A96FDB = {
						CreatedOnToolsVersion = 15.4;
					};
					F4D933132C2B82C100A96FDB = {
						CreatedOnToolsVersion = 15.4;
						TestTargetID = F4D933022C2B82BF00A96FDB;
					};
					F4D9331D2C2B82C100A96FDB = {
						CreatedOnToolsVersion = 15.4;
						TestTargetID = F4D933022C2B82BF00A96FDB;
					};
				};
			};
			buildConfigurationList = F4D932FE2C2B82BF00A96FDB /* Build configuration list for PBXProject "GasApp2" */;
			compatibilityVersion = "Xcode 14.0";
			developmentRegion = en;
			hasScannedForEncodings = 0;
			knownRegions = (
				en,
				Base,
			);
			mainGroup = F4D932FA2C2B82BF00A96FDB;
			productRefGroup = F4D933042C2B82BF00A96FDB /* Products */;
			projectDirPath = "";
			projectRoot = "";
			targets = (
				F4D933022C2B82BF00A96FDB /* GasApp2 */,
				F4D933132C2B82C100A96FDB /* GasApp2Tests */,
				F4D9331D2C2B82C100A96FDB /* GasApp2UITests */,
			);
		};
/* End PBXProject section */

/* Begin PBXResourcesBuildPhase section */
		F4D933012C2B82BF00A96FDB /* Resources */ = {
			isa = PBXResourcesBuildPhase;
			buildActionMask = 2147483647;
			files = (
				F4D9330F2C2B82C100A96FDB /* Preview Assets.xcassets in Resources */,
				F4D9330B2C2B82C100A96FDB /* Assets.xcassets in Resources */,
			);
			runOnlyForDeploymentPostprocessing = 0;
		};
		F4D933122C2B82C100A96FDB /* Resources */ = {
			isa = PBXResourcesBuildPhase;
			buildActionMask = 2147483647;
			files = (
			);
			runOnlyForDeploymentPostprocessing = 0;
		};
		F4D9331C2C2B82C100A96FDB /* Resources */ = {
			isa = PBXResourcesBuildPhase;
			buildActionMask = 2147483647;
			files = (
			);
			runOnlyForDeploymentPostprocessing = 0;
		};
/* End PBXResourcesBuildPhase section */

/* Begin PBXSourcesBuildPhase section */
		F4D932FF2C2B82BF00A96FDB /* Sources */ = {
			isa = PBXSourcesBuildPhase;
			buildActionMask = 2147483647;
			files = (
				F4D933092C2B82BF00A96FDB /* ContentView.swift in Sources */,
				F4D933322C2B82F500A96FDB /* DriversView.swift in Sources */,
				F4D933072C2B82BF00A96FDB /* GasApp2App.swift in Sources */,
			);
			runOnlyForDeploymentPostprocessing = 0;
		};
		F4D933102C2B82C100A96FDB /* Sources */ = {
			isa = PBXSourcesBuildPhase;
			buildActionMask = 2147483647;
			files = (
				F4D933192C2B82C100A96FDB /* GasApp2Tests.swift in Sources */,
			);
			runOnlyForDeploymentPostprocessing = 0;
		};
		F4D9331A2C2B82C100A96FDB /* Sources */ = {
			isa = PBXSourcesBuildPhase;
			buildActionMask = 2147483647;
			files = (
				F4D933232C2B82C100A96FDB /* GasApp2UITests.swift in Sources */,
				F4D933252C2B82C100A96FDB /* GasApp2UITestsLaunchTests.swift in Sources */,
			);
			runOnlyForDeploymentPostprocessing = 0;
		};
/* End PBXSourcesBuildPhase section */

/* Begin PBXTargetDependency section */
		F4D933162C2B82C100A96FDB /* PBXTargetDependency */ = {
			isa = PBXTargetDependency;
			target = F4D933022C2B82BF00A96FDB /* GasApp2 */;
			targetProxy = F4D933152C2B82C100A96FDB /* PBXContainerItemProxy */;
		};
		F4D933202C2B82C100A96FDB /* PBXTargetDependency */ = {
			isa = PBXTargetDependency;
			target = F4D933022C2B82BF00A96FDB /* GasApp2 */;
			targetProxy = F4D9331F2C2B82C100A96FDB /* PBXContainerItemProxy */;
		};
/* End PBXTargetDependency section */

/* Begin XCBuildConfiguration section */
		F4D933262C2B82C100A96FDB /* Debug */ = {
			isa = XCBuildConfiguration;
			buildSettings = {
				ALWAYS_SEARCH_USER_PATHS = NO;
				ASSETCATALOG_COMPILER_GENERATE_SWIFT_ASSET_SYMBOL_EXTENSIONS = YES;
				CLANG_ANALYZER_NONNULL = YES;
				CLANG_ANALYZER_NUMBER_OBJECT_CONVERSION = YES_AGGRESSIVE;
				CLANG_CXX_LANGUAGE_STANDARD = "gnu++20";
				CLANG_ENABLE_MODULES = YES;
				CLANG_ENABLE_OBJC_ARC = YES;
				CLANG_ENABLE_OBJC_WEAK = YES;
				CLANG_WARN_BLOCK_CAPTURE_AUTORELEASING = YES;
				CLANG_WARN_BOOL_CONVERSION = YES;
				CLANG_WARN_COMMA = YES;
				CLANG_WARN_CONSTANT_CONVERSION = YES;
				CLANG_WARN_DEPRECATED_OBJC_IMPLEMENTATIONS = YES;
				CLANG_WARN_DIRECT_OBJC_ISA_USAGE = YES_ERROR;
				CLANG_WARN_DOCUMENTATION_COMMENTS = YES;
				CLANG_WARN_EMPTY_BODY = YES;
				CLANG_WARN_ENUM_CONVERSION = YES;
				CLANG_WARN_INFINITE_RECURSION = YES;
				CLANG_WARN_INT_CONVERSION = YES;
				CLANG_WARN_NON_LITERAL_NULL_CONVERSION = YES;
				CLANG_WARN_OBJC_IMPLICIT_RETAIN_SELF = YES;
				CLANG_WARN_OBJC_LITERAL_CONVERSION = YES;
				CLANG_WARN_OBJC_ROOT_CLASS = YES_ERROR;
				CLANG_WARN_QUOTED_INCLUDE_IN_FRAMEWORK_HEADER = YES;
				CLANG_WARN_RANGE_LOOP_ANALYSIS = YES;
				CLANG_WARN_STRICT_PROTOTYPES = YES;
				CLANG_WARN_SUSPICIOUS_MOVE = YES;
				CLANG_WARN_UNGUARDED_AVAILABILITY = YES_AGGRESSIVE;
				CLANG_WARN_UNREACHABLE_CODE = YES;
				CLANG_WARN__DUPLICATE_METHOD_MATCH = YES;
				COPY_PHASE_STRIP = NO;
				DEBUG_INFORMATION_FORMAT = dwarf;
				ENABLE_STRICT_OBJC_MSGSEND = YES;
				ENABLE_TESTABILITY = YES;
				ENABLE_USER_SCRIPT_SANDBOXING = YES;
				GCC_C_LANGUAGE_STANDARD = gnu17;
				GCC_DYNAMIC_NO_PIC = NO;
				GCC_NO_COMMON_BLOCKS = YES;
				GCC_OPTIMIZATION_LEVEL = 0;
				GCC_PREPROCESSOR_DEFINITIONS = (
					"DEBUG=1",
					"$(inherited)",
				);
				GCC_WARN_64_TO_32_BIT_CONVERSION = YES;
				GCC_WARN_ABOUT_RETURN_TYPE = YES_ERROR;
				GCC_WARN_UNDECLARED_SELECTOR = YES;
				GCC_WARN_UNINITIALIZED_AUTOS = YES_AGGRESSIVE;
				GCC_WARN_UNUSED_FUNCTION = YES;
				GCC_WARN_UNUSED_VARIABLE = YES;
				LOCALIZATION_PREFERS_STRING_CATALOGS = YES;
				MTL_ENABLE_DEBUG_INFO = INCLUDE_SOURCE;
				MTL_FAST_MATH = YES;
				ONLY_ACTIVE_ARCH = YES;
				SWIFT_ACTIVE_COMPILATION_CONDITIONS = "DEBUG $(inherited)";
				SWIFT_OPTIMIZATION_LEVEL = "-Onone";
			};
			name = Debug;
		};
		F4D933272C2B82C100A96FDB /* Release */ = {
			isa = XCBuildConfiguration;
			buildSettings = {
				ALWAYS_SEARCH_USER_PATHS = NO;
				ASSETCATALOG_COMPILER_GENERATE_SWIFT_ASSET_SYMBOL_EXTENSIONS = YES;
				CLANG_ANALYZER_NONNULL = YES;
				CLANG_ANALYZER_NUMBER_OBJECT_CONVERSION = YES_AGGRESSIVE;
				CLANG_CXX_LANGUAGE_STANDARD = "gnu++20";
				CLANG_ENABLE_MODULES = YES;
				CLANG_ENABLE_OBJC_ARC = YES;
				CLANG_ENABLE_OBJC_WEAK = YES;
				CLANG_WARN_BLOCK_CAPTURE_AUTORELEASING = YES;
				CLANG_WARN_BOOL_CONVERSION = YES;
				CLANG_WARN_COMMA = YES;
				CLANG_WARN_CONSTANT_CONVERSION = YES;
				CLANG_WARN_DEPRECATED_OBJC_IMPLEMENTATIONS = YES;
				CLANG_WARN_DIRECT_OBJC_ISA_USAGE = YES_ERROR;
				CLANG_WARN_DOCUMENTATION_COMMENTS = YES;
				CLANG_WARN_EMPTY_BODY = YES;
				CLANG_WARN_ENUM_CONVERSION = YES;
				CLANG_WARN_INFINITE_RECURSION = YES;
				CLANG_WARN_INT_CONVERSION = YES;
				CLANG_WARN_NON_LITERAL_NULL_CONVERSION = YES;
				CLANG_WARN_OBJC_IMPLICIT_RETAIN_SELF = YES;
				CLANG_WARN_OBJC_LITERAL_CONVERSION = YES;
				CLANG_WARN_OBJC_ROOT_CLASS = YES_ERROR;
				CLANG_WARN_QUOTED_INCLUDE_IN_FRAMEWORK_HEADER = YES;
				CLANG_WARN_RANGE_LOOP_ANALYSIS = YES;
				CLANG_WARN_STRICT_PROTOTYPES = YES;
				CLANG_WARN_SUSPICIOUS_MOVE = YES;
				CLANG_WARN_UNGUARDED_AVAILABILITY = YES_AGGRESSIVE;
				CLANG_WARN_UNREACHABLE_CODE = YES;
				CLANG_WARN__DUPLICATE_METHOD_MATCH = YES;
				COPY_PHASE_STRIP = NO;
				DEBUG_INFORMATION_FORMAT = "dwarf-with-dsym";
				ENABLE_NS_ASSERTIONS = NO;
				ENABLE_STRICT_OBJC_MSGSEND = YES;
				ENABLE_USER_SCRIPT_SANDBOXING = YES;
				GCC_C_LANGUAGE_STANDARD = gnu17;
				GCC_NO_COMMON_BLOCKS = YES;
				GCC_WARN_64_TO_32_BIT_CONVERSION = YES;
				GCC_WARN_ABOUT_RETURN_TYPE = YES_ERROR;
				GCC_WARN_UNDECLARED_SELECTOR = YES;
				GCC_WARN_UNINITIALIZED_AUTOS = YES_AGGRESSIVE;
				GCC_WARN_UNUSED_FUNCTION = YES;
				GCC_WARN_UNUSED_VARIABLE = YES;
				LOCALIZATION_PREFERS_STRING_CATALOGS = YES;
				MTL_ENABLE_DEBUG_INFO = NO;
				MTL_FAST_MATH = YES;
				SWIFT_COMPILATION_MODE = wholemodule;
			};
			name = Release;
		};
		F4D933292C2B82C100A96FDB /* Debug */ = {
			isa = XCBuildConfiguration;
			buildSettings = {
				ASSETCATALOG_COMPILER_APPICON_NAME = AppIcon;
				ASSETCATALOG_COMPILER_GLOBAL_ACCENT_COLOR_NAME = AccentColor;
				CODE_SIGN_ENTITLEMENTS = GasApp2/GasApp2.entitlements;
				CODE_SIGN_STYLE = Automatic;
				CURRENT_PROJECT_VERSION = 1;
				DEVELOPMENT_ASSET_PATHS = "\"GasApp2/Preview Content\"";
				DEVELOPMENT_TEAM = 79M729PMA7;
				ENABLE_HARDENED_RUNTIME = YES;
				ENABLE_PREVIEWS = YES;
				GENERATE_INFOPLIST_FILE = YES;
				"INFOPLIST_KEY_UIApplicationSceneManifest_Generation[sdk=iphoneos*]" = YES;
				"INFOPLIST_KEY_UIApplicationSceneManifest_Generation[sdk=iphonesimulator*]" = YES;
				"INFOPLIST_KEY_UIApplicationSupportsIndirectInputEvents[sdk=iphoneos*]" = YES;
				"INFOPLIST_KEY_UIApplicationSupportsIndirectInputEvents[sdk=iphonesimulator*]" = YES;
				"INFOPLIST_KEY_UILaunchScreen_Generation[sdk=iphoneos*]" = YES;
				"INFOPLIST_KEY_UILaunchScreen_Generation[sdk=iphonesimulator*]" = YES;
				"INFOPLIST_KEY_UIStatusBarStyle[sdk=iphoneos*]" = UIStatusBarStyleDefault;
				"INFOPLIST_KEY_UIStatusBarStyle[sdk=iphonesimulator*]" = UIStatusBarStyleDefault;
				INFOPLIST_KEY_UISupportedInterfaceOrientations_iPad = "UIInterfaceOrientationPortrait UIInterfaceOrientationPortraitUpsideDown UIInterfaceOrientationLandscapeLeft UIInterfaceOrientationLandscapeRight";
				INFOPLIST_KEY_UISupportedInterfaceOrientations_iPhone = "UIInterfaceOrientationPortrait UIInterfaceOrientationLandscapeLeft UIInterfaceOrientationLandscapeRight";
				IPHONEOS_DEPLOYMENT_TARGET = 17.5;
				LD_RUNPATH_SEARCH_PATHS = "@executable_path/Frameworks";
				"LD_RUNPATH_SEARCH_PATHS[sdk=macosx*]" = "@executable_path/../Frameworks";
				MACOSX_DEPLOYMENT_TARGET = 14.5;
				MARKETING_VERSION = 1.0;
				PRODUCT_BUNDLE_IDENTIFIER = com.FutuckeInc.GasApp2;
				PRODUCT_NAME = "$(TARGET_NAME)";
				SDKROOT = auto;
				SUPPORTED_PLATFORMS = "iphoneos iphonesimulator macosx";
				SWIFT_EMIT_LOC_STRINGS = YES;
				SWIFT_VERSION = 5.0;
				TARGETED_DEVICE_FAMILY = "1,2";
			};
			name = Debug;
		};
		F4D9332A2C2B82C100A96FDB /* Release */ = {
			isa = XCBuildConfiguration;
			buildSettings = {
				ASSETCATALOG_COMPILER_APPICON_NAME = AppIcon;
				ASSETCATALOG_COMPILER_GLOBAL_ACCENT_COLOR_NAME = AccentColor;
				CODE_SIGN_ENTITLEMENTS = GasApp2/GasApp2.entitlements;
				CODE_SIGN_STYLE = Automatic;
				CURRENT_PROJECT_VERSION = 1;
				DEVELOPMENT_ASSET_PATHS = "\"GasApp2/Preview Content\"";
				DEVELOPMENT_TEAM = 79M729PMA7;
				ENABLE_HARDENED_RUNTIME = YES;
				ENABLE_PREVIEWS = YES;
				GENERATE_INFOPLIST_FILE = YES;
				"INFOPLIST_KEY_UIApplicationSceneManifest_Generation[sdk=iphoneos*]" = YES;
				"INFOPLIST_KEY_UIApplicationSceneManifest_Generation[sdk=iphonesimulator*]" = YES;
				"INFOPLIST_KEY_UIApplicationSupportsIndirectInputEvents[sdk=iphoneos*]" = YES;
				"INFOPLIST_KEY_UIApplicationSupportsIndirectInputEvents[sdk=iphonesimulator*]" = YES;
				"INFOPLIST_KEY_UILaunchScreen_Generation[sdk=iphoneos*]" = YES;
				"INFOPLIST_KEY_UILaunchScreen_Generation[sdk=iphonesimulator*]" = YES;
				"INFOPLIST_KEY_UIStatusBarStyle[sdk=iphoneos*]" = UIStatusBarStyleDefault;
				"INFOPLIST_KEY_UIStatusBarStyle[sdk=iphonesimulator*]" = UIStatusBarStyleDefault;
				INFOPLIST_KEY_UISupportedInterfaceOrientations_iPad = "UIInterfaceOrientationPortrait UIInterfaceOrientationPortraitUpsideDown UIInterfaceOrientationLandscapeLeft UIInterfaceOrientationLandscapeRight";
				INFOPLIST_KEY_UISupportedInterfaceOrientations_iPhone = "UIInterfaceOrientationPortrait UIInterfaceOrientationLandscapeLeft UIInterfaceOrientationLandscapeRight";
				IPHONEOS_DEPLOYMENT_TARGET = 17.5;
				LD_RUNPATH_SEARCH_PATHS = "@executable_path/Frameworks";
				"LD_RUNPATH_SEARCH_PATHS[sdk=macosx*]" = "@executable_path/../Frameworks";
				MACOSX_DEPLOYMENT_TARGET = 14.5;
				MARKETING_VERSION = 1.0;
				PRODUCT_BUNDLE_IDENTIFIER = com.FutuckeInc.GasApp2;
				PRODUCT_NAME = "$(TARGET_NAME)";
				SDKROOT = auto;
				SUPPORTED_PLATFORMS = "iphoneos iphonesimulator macosx";
				SWIFT_EMIT_LOC_STRINGS = YES;
				SWIFT_VERSION = 5.0;
				TARGETED_DEVICE_FAMILY = "1,2";
			};
			name = Release;
		};
		F4D9332C2C2B82C100A96FDB /* Debug */ = {
			isa = XCBuildConfiguration;
			buildSettings = {
				ALWAYS_EMBED_SWIFT_STANDARD_LIBRARIES = YES;
				BUNDLE_LOADER = "$(TEST_HOST)";
				CODE_SIGN_STYLE = Automatic;
				CURRENT_PROJECT_VERSION = 1;
				DEVELOPMENT_TEAM = 79M729PMA7;
				GENERATE_INFOPLIST_FILE = YES;
				IPHONEOS_DEPLOYMENT_TARGET = 17.5;
				MACOSX_DEPLOYMENT_TARGET = 14.5;
				MARKETING_VERSION = 1.0;
				PRODUCT_BUNDLE_IDENTIFIER = com.FutuckeInc.GasApp2Tests;
				PRODUCT_NAME = "$(TARGET_NAME)";
				SDKROOT = auto;
				SUPPORTED_PLATFORMS = "iphoneos iphonesimulator macosx";
				SWIFT_EMIT_LOC_STRINGS = NO;
				SWIFT_VERSION = 5.0;
				TARGETED_DEVICE_FAMILY = "1,2";
				TEST_HOST = "$(BUILT_PRODUCTS_DIR)/GasApp2.app/$(BUNDLE_EXECUTABLE_FOLDER_PATH)/GasApp2";
			};
			name = Debug;
		};
		F4D9332D2C2B82C100A96FDB /* Release */ = {
			isa = XCBuildConfiguration;
			buildSettings = {
				ALWAYS_EMBED_SWIFT_STANDARD_LIBRARIES = YES;
				BUNDLE_LOADER = "$(TEST_HOST)";
				CODE_SIGN_STYLE = Automatic;
				CURRENT_PROJECT_VERSION = 1;
				DEVELOPMENT_TEAM = 79M729PMA7;
				GENERATE_INFOPLIST_FILE = YES;
				IPHONEOS_DEPLOYMENT_TARGET = 17.5;
				MACOSX_DEPLOYMENT_TARGET = 14.5;
				MARKETING_VERSION = 1.0;
				PRODUCT_BUNDLE_IDENTIFIER = com.FutuckeInc.GasApp2Tests;
				PRODUCT_NAME = "$(TARGET_NAME)";
				SDKROOT = auto;
				SUPPORTED_PLATFORMS = "iphoneos iphonesimulator macosx";
				SWIFT_EMIT_LOC_STRINGS = NO;
				SWIFT_VERSION = 5.0;
				TARGETED_DEVICE_FAMILY = "1,2";
				TEST_HOST = "$(BUILT_PRODUCTS_DIR)/GasApp2.app/$(BUNDLE_EXECUTABLE_FOLDER_PATH)/GasApp2";
			};
			name = Release;
		};
		F4D9332F2C2B82C100A96FDB /* Debug */ = {
			isa = XCBuildConfiguration;
			buildSettings = {
				ALWAYS_EMBED_SWIFT_STANDARD_LIBRARIES = YES;
				CODE_SIGN_STYLE = Automatic;
				CURRENT_PROJECT_VERSION = 1;
				DEVELOPMENT_TEAM = 79M729PMA7;
				GENERATE_INFOPLIST_FILE = YES;
				IPHONEOS_DEPLOYMENT_TARGET = 17.5;
				MACOSX_DEPLOYMENT_TARGET = 14.5;
				MARKETING_VERSION = 1.0;
				PRODUCT_BUNDLE_IDENTIFIER = com.FutuckeInc.GasApp2UITests;
				PRODUCT_NAME = "$(TARGET_NAME)";
				SDKROOT = auto;
				SUPPORTED_PLATFORMS = "iphoneos iphonesimulator macosx";
				SWIFT_EMIT_LOC_STRINGS = NO;
				SWIFT_VERSION = 5.0;
				TARGETED_DEVICE_FAMILY = "1,2";
				TEST_TARGET_NAME = GasApp2;
			};
			name = Debug;
		};
		F4D933302C2B82C100A96FDB /* Release */ = {
			isa = XCBuildConfiguration;
			buildSettings = {
				ALWAYS_EMBED_SWIFT_STANDARD_LIBRARIES = YES;
				CODE_SIGN_STYLE = Automatic;
				CURRENT_PROJECT_VERSION = 1;
				DEVELOPMENT_TEAM = 79M729PMA7;
				GENERATE_INFOPLIST_FILE = YES;
				IPHONEOS_DEPLOYMENT_TARGET = 17.5;
				MACOSX_DEPLOYMENT_TARGET = 14.5;
				MARKETING_VERSION = 1.0;
				PRODUCT_BUNDLE_IDENTIFIER = com.FutuckeInc.GasApp2UITests;
				PRODUCT_NAME = "$(TARGET_NAME)";
				SDKROOT = auto;
				SUPPORTED_PLATFORMS = "iphoneos iphonesimulator macosx";
				SWIFT_EMIT_LOC_STRINGS = NO;
				SWIFT_VERSION = 5.0;
				TARGETED_DEVICE_FAMILY = "1,2";
				TEST_TARGET_NAME = GasApp2;
			};
			name = Release;
		};
/* End XCBuildConfiguration section */

/* Begin XCConfigurationList section */
		F4D932FE2C2B82BF00A96FDB /* Build configuration list for PBXProject "GasApp2" */ = {
			isa = XCConfigurationList;
			buildConfigurations = (
				F4D933262C2B82C100A96FDB /* Debug */,
				F4D933272C2B82C100A96FDB /* Release */,
			);
			defaultConfigurationIsVisible = 0;
			defaultConfigurationName = Release;
		};
		F4D933282C2B82C100A96FDB /* Build configuration list for PBXNativeTarget "GasApp2" */ = {
			isa = XCConfigurationList;
			buildConfigurations = (
				F4D933292C2B82C100A96FDB /* Debug */,
				F4D9332A2C2B82C100A96FDB /* Release */,
			);
			defaultConfigurationIsVisible = 0;
			defaultConfigurationName = Release;
		};
		F4D9332B2C2B82C100A96FDB /* Build configuration list for PBXNativeTarget "GasApp2Tests" */ = {
			isa = XCConfigurationList;
			buildConfigurations = (
				F4D9332C2C2B82C100A96FDB /* Debug */,
				F4D9332D2C2B82C100A96FDB /* Release */,
			);
			defaultConfigurationIsVisible = 0;
			defaultConfigurationName = Release;
		};
		F4D9332E2C2B82C100A96FDB /* Build configuration list for PBXNativeTarget "GasApp2UITests" */ = {
			isa = XCConfigurationList;
			buildConfigurations = (
				F4D9332F2C2B82C100A96FDB /* Debug */,
				F4D933302C2B82C100A96FDB /* Release */,
			);
			defaultConfigurationIsVisible = 0;
			defaultConfigurationName = Release;
		};
/* End XCConfigurationList section */
	};
	rootObject = F4D932FB2C2B82BF00A96FDB /* Project object */;
}
